
Microsoft Visual Studio Solution File, Format Version 12.00
# Visual Studio Version 17
VisualStudioVersion = 17.8.34330.188
MinimumVisualStudioVersion = 10.0.40219.1
Project("{9A19103F-16F7-4668-BE54-9A1E7A4F7556}") = "AllStuff", "AllStuff\AllStuff.csproj", "{E05A48A3-0BF0-4250-85FC-B782627A663A}"
EndProject
Global
	GlobalSection(SolutionConfigurationPlatforms) = preSolution
		Debug|Any CPU = Debug|Any CPU
		Release|Any CPU = Release|Any CPU
	EndGlobalSection
	GlobalSection(ProjectConfigurationPlatforms) = postSolution
		{E05A48A3-0BF0-4250-85FC-B782627A663A}.Debug|Any CPU.ActiveCfg = Debug|Any CPU
		{E05A48A3-0BF0-4250-85FC-B782627A663A}.Debug|Any CPU.Build.0 = Debug|Any CPU
		{E05A48A3-0BF0-4250-85FC-B782627A663A}.Release|Any CPU.ActiveCfg = Release|Any CPU
		{E05A48A3-0BF0-4250-85FC-B782627A663A}.Release|Any CPU.Build.0 = Release|Any CPU
	EndGlobalSection
	GlobalSection(SolutionProperties) = preSolution
		HideSolutionNode = FALSE
	EndGlobalSection
	GlobalSection(ExtensibilityGlobals) = postSolution
		SolutionGuid = {EEBB2261-EC10-46CB-844C-947EA9E0F00D}
	EndGlobalSection
EndGlobal
